{
  "nodes": {
    "flake-utils": {
      "locked": {
        "lastModified": 1623875721,
        "narHash": "sha256-A8BU7bjS5GirpAUv4QA+QnJ4CceLHkcXdRp4xITDB0s=",
        "owner": "numtide",
        "repo": "flake-utils",
        "rev": "f7e004a55b120c02ecb6219596820fcd32ca8772",
        "type": "github"
      },
      "original": {
        "owner": "numtide",
        "repo": "flake-utils",
        "type": "github"
      }
    },
    "nixpkgs": {
      "locked": {
        "lastModified": 1628231879,
        "narHash": "sha256-ySd1qDGPHBKfOLA6KrUTjvnYWUbUSd38lSS+hixrYcM=",
        "owner": "NixOS",
        "repo": "nixpkgs",
        "rev": "143fe598ba755c98959c3d586ee56595a8acf7c1",
        "type": "github"
      },
      "original": {
        "owner": "NixOS",
        "ref": "nixpkgs-unstable",
        "repo": "nixpkgs",
        "type": "github"
      }
    },
    "root": {
      "inputs": {
        "flake-utils": "flake-utils",
        "nixpkgs": "nixpkgs",
        "swh-core": "swh-core",
        "swh-model": "swh-model"
      }
    },
    "swh-core": {
      "flake": false,
      "locked": {
        "lastModified": 1627654342,
        "narHash": "sha256-w/xykfVzfEbn4LdnnPZ2dVkncQ7t/sopTVgAlKq187w=",
        "ref": "master",
        "rev": "3337e79642e01f28abff732fa91a3a8c2faf6e6a",
        "revCount": 449,
        "type": "git",
        "url": "https://forge.softwareheritage.org/source/swh-core.git"
      },
      "original": {
        "type": "git",
        "url": "https://forge.softwareheritage.org/source/swh-core.git"
      }
    },
    "swh-model": {
      "flake": false,
      "locked": {
        "lastModified": 1627388608,
        "narHash": "sha256-vQngTc2WiQoGSi0yAM72QLbdKCS97H3QWynOeemN/CM=",
        "ref": "master",
        "rev": "a32652fce034f535811272024bb9ec51b1bf8726",
        "revCount": 487,
        "type": "git",
        "url": "https://forge.softwareheritage.org/source/swh-model.git"
      },
      "original": {
        "type": "git",
        "url": "https://forge.softwareheritage.org/source/swh-model.git"
      }
    }
  },
  "root": "root",
  "version": 7
}
