{
  "nodes": {
    "flake-utils": {
      "locked": {
        "lastModified": 1623875721,
        "narHash": "sha256-A8BU7bjS5GirpAUv4QA+QnJ4CceLHkcXdRp4xITDB0s=",
        "owner": "numtide",
        "repo": "flake-utils",
        "rev": "f7e004a55b120c02ecb6219596820fcd32ca8772",
        "type": "github"
      },
      "original": {
        "owner": "numtide",
        "repo": "flake-utils",
        "type": "github"
      }
    },
    "nixpkgs": {
      "locked": {
        "lastModified": 1628231879,
        "narHash": "sha256-ySd1qDGPHBKfOLA6KrUTjvnYWUbUSd38lSS+hixrYcM=",
        "owner": "NixOS",
        "repo": "nixpkgs",
        "rev": "143fe598ba755c98959c3d586ee56595a8acf7c1",
        "type": "github"
      },
      "original": {
        "owner": "NixOS",
        "ref": "nixpkgs-unstable",
        "repo": "nixpkgs",
        "type": "github"
      }
    },
    "root": {
      "inputs": {
        "flake-utils": "flake-utils",
        "nixpkgs": "nixpkgs",
        "swh-core": "swh-core",
        "swh-indexer": "swh-indexer",
        "swh-journal": "swh-journal",
        "swh-model": "swh-model",
        "swh-objstorage": "swh-objstorage",
        "swh-scheduler": "swh-scheduler",
        "swh-storage": "swh-storage"
      }
    },
    "swh-core": {
      "flake": false,
      "locked": {
        "lastModified": 1627654342,
        "narHash": "sha256-w/xykfVzfEbn4LdnnPZ2dVkncQ7t/sopTVgAlKq187w=",
        "ref": "master",
        "rev": "3337e79642e01f28abff732fa91a3a8c2faf6e6a",
        "revCount": 449,
        "type": "git",
        "url": "https://forge.softwareheritage.org/source/swh-core.git"
      },
      "original": {
        "type": "git",
        "url": "https://forge.softwareheritage.org/source/swh-core.git"
      }
    },
    "swh-indexer": {
      "flake": false,
      "locked": {
        "lastModified": 1623250041,
        "narHash": "sha256-zeKKykcI90hrTPqdVCJ253rzsz+d36MdmgnZhF2PrV8=",
        "ref": "master",
        "rev": "40a773c722c75e3fc795cba5c8b7712a302968b1",
        "revCount": 794,
        "type": "git",
        "url": "https://forge.softwareheritage.org/source/swh-indexer.git"
      },
      "original": {
        "type": "git",
        "url": "https://forge.softwareheritage.org/source/swh-indexer.git"
      }
    },
    "swh-journal": {
      "flake": false,
      "locked": {
        "lastModified": 1624006029,
        "narHash": "sha256-VstRPK6WjUJTofBE0Ht4QMhY46mnvBRhz4HMgYQlFZM=",
        "ref": "master",
        "rev": "a06bab98b11582419e7d85357feb6ffe665083b0",
        "revCount": 395,
        "type": "git",
        "url": "https://forge.softwareheritage.org/source/swh-journal.git"
      },
      "original": {
        "type": "git",
        "url": "https://forge.softwareheritage.org/source/swh-journal.git"
      }
    },
    "swh-model": {
      "flake": false,
      "locked": {
        "lastModified": 1627388608,
        "narHash": "sha256-vQngTc2WiQoGSi0yAM72QLbdKCS97H3QWynOeemN/CM=",
        "ref": "master",
        "rev": "a32652fce034f535811272024bb9ec51b1bf8726",
        "revCount": 487,
        "type": "git",
        "url": "https://forge.softwareheritage.org/source/swh-model.git"
      },
      "original": {
        "type": "git",
        "url": "https://forge.softwareheritage.org/source/swh-model.git"
      }
    },
    "swh-objstorage": {
      "flake": false,
      "locked": {
        "lastModified": 1623245553,
        "narHash": "sha256-BwShDmUTnc8HqhUrC/I0czoaHdbAX7RwJ2KgIL6SYFs=",
        "ref": "master",
        "rev": "37dcacf162d29ad1f5c7015a923e6b46e120ca86",
        "revCount": 434,
        "type": "git",
        "url": "https://forge.softwareheritage.org/source/swh-objstorage.git"
      },
      "original": {
        "type": "git",
        "url": "https://forge.softwareheritage.org/source/swh-objstorage.git"
      }
    },
    "swh-scheduler": {
      "flake": false,
      "locked": {
        "lastModified": 1629278425,
        "narHash": "sha256-6nbTz9F9xy6PTZauApuG+X2m8uspK+EeaGs4rof4zS0=",
        "ref": "master",
        "rev": "28ae1d86aad7572c41634156715293c20df3272c",
        "revCount": 668,
        "type": "git",
        "url": "https://forge.softwareheritage.org/source/swh-scheduler.git"
      },
      "original": {
        "type": "git",
        "url": "https://forge.softwareheritage.org/source/swh-scheduler.git"
      }
    },
    "swh-storage": {
      "flake": false,
      "locked": {
        "lastModified": 1628254769,
        "narHash": "sha256-J1SNtNm09TclRYOITK3w0BgDTtGYNar5VVWCZGAxwK0=",
        "ref": "master",
        "rev": "9f00eb9dba1d8c1b0146671cba3ed782d3eeb0c0",
        "revCount": 1924,
        "type": "git",
        "url": "https://forge.softwareheritage.org/source/swh-storage.git"
      },
      "original": {
        "type": "git",
        "url": "https://forge.softwareheritage.org/source/swh-storage.git"
      }
    }
  },
  "root": "root",
  "version": 7
}
